// !$*UTF8*$!
{
	archiveVersion = 1;
	classes = {
	};
	objectVersion = 48;
	objects = {

/* Begin PBXBuildFile section */
		623C1B241F0DD98200F3ADBA /* AppDelegate.m in Sources */ = {isa = PBXBuildFile; fileRef = 623C1B231F0DD98200F3ADBA /* AppDelegate.m */; };
		623C1B271F0DD98200F3ADBA /* MasterDetailObjC.xcdatamodeld in Sources */ = {isa = PBXBuildFile; fileRef = 623C1B251F0DD98200F3ADBA /* MasterDetailObjC.xcdatamodeld */; };
		623C1B2A1F0DD98200F3ADBA /* MasterViewController.m in Sources */ = {isa = PBXBuildFile; fileRef = 623C1B291F0DD98200F3ADBA /* MasterViewController.m */; };
		623C1B2D1F0DD98200F3ADBA /* DetailViewController.m in Sources */ = {isa = PBXBuildFile; fileRef = 623C1B2C1F0DD98200F3ADBA /* DetailViewController.m */; };
		623C1B301F0DD98200F3ADBA /* Main.storyboard in Resources */ = {isa = PBXBuildFile; fileRef = 623C1B2E1F0DD98200F3ADBA /* Main.storyboard */; };
		623C1B321F0DD98200F3ADBA /* Assets.xcassets in Resources */ = {isa = PBXBuildFile; fileRef = 623C1B311F0DD98200F3ADBA /* Assets.xcassets */; };
		623C1B351F0DD98200F3ADBA /* LaunchScreen.storyboard in Resources */ = {isa = PBXBuildFile; fileRef = 623C1B331F0DD98200F3ADBA /* LaunchScreen.storyboard */; };
		623C1B381F0DD98200F3ADBA /* main.m in Sources */ = {isa = PBXBuildFile; fileRef = 623C1B371F0DD98200F3ADBA /* main.m */; };
		623C1B421F0DD98200F3ADBA /* MasterDetailObjCTests.m in Sources */ = {isa = PBXBuildFile; fileRef = 623C1B411F0DD98200F3ADBA /* MasterDetailObjCTests.m */; };
		623C1B4D1F0DD98200F3ADBA /* MasterDetailObjCUITests.m in Sources */ = {isa = PBXBuildFile; fileRef = 623C1B4C1F0DD98200F3ADBA /* MasterDetailObjCUITests.m */; };
/* End PBXBuildFile section */

/* Begin PBXContainerItemProxy section */
		623C1B3E1F0DD98200F3ADBA /* PBXContainerItemProxy */ = {
			isa = PBXContainerItemProxy;
			containerPortal = 623C1B171F0DD98100F3ADBA /* Project object */;
			proxyType = 1;
			remoteGlobalIDString = 623C1B1E1F0DD98200F3ADBA;
			remoteInfo = MasterDetailObjC;
		};
		623C1B491F0DD98200F3ADBA /* PBXContainerItemProxy */ = {
			isa = PBXContainerItemProxy;
			containerPortal = 623C1B171F0DD98100F3ADBA /* Project object */;
			proxyType = 1;
			remoteGlobalIDString = 623C1B1E1F0DD98200F3ADBA;
			remoteInfo = MasterDetailObjC;
		};
/* End PBXContainerItemProxy section */

/* Begin PBXFileReference section */
		623C1B1F1F0DD98200F3ADBA /* MasterDetailObjC.app */ = {isa = PBXFileReference; explicitFileType = wrapper.application; includeInIndex = 0; path = MasterDetailObjC.app; sourceTree = BUILT_PRODUCTS_DIR; };
		623C1B221F0DD98200F3ADBA /* AppDelegate.h */ = {isa = PBXFileReference; lastKnownFileType = sourcecode.c.h; path = AppDelegate.h; sourceTree = "<group>"; };
		623C1B231F0DD98200F3ADBA /* AppDelegate.m */ = {isa = PBXFileReference; lastKnownFileType = sourcecode.c.objc; path = AppDelegate.m; sourceTree = "<group>"; };
		623C1B261F0DD98200F3ADBA /* MasterDetailObjC.xcdatamodel */ = {isa = PBXFileReference; lastKnownFileType = wrapper.xcdatamodel; path = MasterDetailObjC.xcdatamodel; sourceTree = "<group>"; };
		623C1B281F0DD98200F3ADBA /* MasterViewController.h */ = {isa = PBXFileReference; lastKnownFileType = sourcecode.c.h; path = MasterViewController.h; sourceTree = "<group>"; };
		623C1B291F0DD98200F3ADBA /* MasterViewController.m */ = {isa = PBXFileReference; lastKnownFileType = sourcecode.c.objc; path = MasterViewController.m; sourceTree = "<group>"; };
		623C1B2B1F0DD98200F3ADBA /* DetailViewController.h */ = {isa = PBXFileReference; lastKnownFileType = sourcecode.c.h; path = DetailViewController.h; sourceTree = "<group>"; };
		623C1B2C1F0DD98200F3ADBA /* DetailViewController.m */ = {isa = PBXFileReference; lastKnownFileType = sourcecode.c.objc; path = DetailViewController.m; sourceTree = "<group>"; };
		623C1B2F1F0DD98200F3ADBA /* Base */ = {isa = PBXFileReference; lastKnownFileType = file.storyboard; name = Base; path = Base.lproj/Main.storyboard; sourceTree = "<group>"; };
		623C1B311F0DD98200F3ADBA /* Assets.xcassets */ = {isa = PBXFileReference; lastKnownFileType = folder.assetcatalog; path = Assets.xcassets; sourceTree = "<group>"; };
		623C1B341F0DD98200F3ADBA /* Base */ = {isa = PBXFileReference; lastKnownFileType = file.storyboard; name = Base; path = Base.lproj/LaunchScreen.storyboard; sourceTree = "<group>"; };
		623C1B361F0DD98200F3ADBA /* Info.plist */ = {isa = PBXFileReference; lastKnownFileType = text.plist.xml; path = Info.plist; sourceTree = "<group>"; };
		623C1B371F0DD98200F3ADBA /* main.m */ = {isa = PBXFileReference; lastKnownFileType = sourcecode.c.objc; path = main.m; sourceTree = "<group>"; };
		623C1B3D1F0DD98200F3ADBA /* MasterDetailObjCTests.xctest */ = {isa = PBXFileReference; explicitFileType = wrapper.cfbundle; includeInIndex = 0; path = MasterDetailObjCTests.xctest; sourceTree = BUILT_PRODUCTS_DIR; };
		623C1B411F0DD98200F3ADBA /* MasterDetailObjCTests.m */ = {isa = PBXFileReference; lastKnownFileType = sourcecode.c.objc; path = MasterDetailObjCTests.m; sourceTree = "<group>"; };
		623C1B431F0DD98200F3ADBA /* Info.plist */ = {isa = PBXFileReference; lastKnownFileType = text.plist.xml; path = Info.plist; sourceTree = "<group>"; };
		623C1B481F0DD98200F3ADBA /* MasterDetailObjCUITests.xctest */ = {isa = PBXFileReference; explicitFileType = wrapper.cfbundle; includeInIndex = 0; path = MasterDetailObjCUITests.xctest; sourceTree = BUILT_PRODUCTS_DIR; };
		623C1B4C1F0DD98200F3ADBA /* MasterDetailObjCUITests.m */ = {isa = PBXFileReference; lastKnownFileType = sourcecode.c.objc; path = MasterDetailObjCUITests.m; sourceTree = "<group>"; };
		623C1B4E1F0DD98200F3ADBA /* Info.plist */ = {isa = PBXFileReference; lastKnownFileType = text.plist.xml; path = Info.plist; sourceTree = "<group>"; };
/* End PBXFileReference section */

/* Begin PBXFrameworksBuildPhase section */
		623C1B1C1F0DD98200F3ADBA /* Frameworks */ = {
			isa = PBXFrameworksBuildPhase;
			buildActionMask = 2147483647;
			files = (
			);
			runOnlyForDeploymentPostprocessing = 0;
		};
		623C1B3A1F0DD98200F3ADBA /* Frameworks */ = {
			isa = PBXFrameworksBuildPhase;
			buildActionMask = 2147483647;
			files = (
			);
			runOnlyForDeploymentPostprocessing = 0;
		};
		623C1B451F0DD98200F3ADBA /* Frameworks */ = {
			isa = PBXFrameworksBuildPhase;
			buildActionMask = 2147483647;
			files = (
			);
			runOnlyForDeploymentPostprocessing = 0;
		};
/* End PBXFrameworksBuildPhase section */

/* Begin PBXGroup section */
		623C1B161F0DD98100F3ADBA = {
			isa = PBXGroup;
			children = (
				623C1B211F0DD98200F3ADBA /* MasterDetailObjC */,
				623C1B401F0DD98200F3ADBA /* MasterDetailObjCTests */,
				623C1B4B1F0DD98200F3ADBA /* MasterDetailObjCUITests */,
				623C1B201F0DD98200F3ADBA /* Products */,
			);
			sourceTree = "<group>";
		};
		623C1B201F0DD98200F3ADBA /* Products */ = {
			isa = PBXGroup;
			children = (
				623C1B1F1F0DD98200F3ADBA /* MasterDetailObjC.app */,
				623C1B3D1F0DD98200F3ADBA /* MasterDetailObjCTests.xctest */,
				623C1B481F0DD98200F3ADBA /* MasterDetailObjCUITests.xctest */,
			);
			name = Products;
			sourceTree = "<group>";
		};
		623C1B211F0DD98200F3ADBA /* MasterDetailObjC */ = {
			isa = PBXGroup;
			children = (
				623C1B221F0DD98200F3ADBA /* AppDelegate.h */,
				623C1B231F0DD98200F3ADBA /* AppDelegate.m */,
				623C1B281F0DD98200F3ADBA /* MasterViewController.h */,
				623C1B291F0DD98200F3ADBA /* MasterViewController.m */,
				623C1B2B1F0DD98200F3ADBA /* DetailViewController.h */,
				623C1B2C1F0DD98200F3ADBA /* DetailViewController.m */,
				623C1B2E1F0DD98200F3ADBA /* Main.storyboard */,
				623C1B311F0DD98200F3ADBA /* Assets.xcassets */,
				623C1B331F0DD98200F3ADBA /* LaunchScreen.storyboard */,
				623C1B361F0DD98200F3ADBA /* Info.plist */,
				623C1B371F0DD98200F3ADBA /* main.m */,
				623C1B251F0DD98200F3ADBA /* MasterDetailObjC.xcdatamodeld */,
			);
			path = MasterDetailObjC;
			sourceTree = "<group>";
		};
		623C1B401F0DD98200F3ADBA /* MasterDetailObjCTests */ = {
			isa = PBXGroup;
			children = (
				623C1B411F0DD98200F3ADBA /* MasterDetailObjCTests.m */,
				623C1B431F0DD98200F3ADBA /* Info.plist */,
			);
			path = MasterDetailObjCTests;
			sourceTree = "<group>";
		};
		623C1B4B1F0DD98200F3ADBA /* MasterDetailObjCUITests */ = {
			isa = PBXGroup;
			children = (
				623C1B4C1F0DD98200F3ADBA /* MasterDetailObjCUITests.m */,
				623C1B4E1F0DD98200F3ADBA /* Info.plist */,
			);
			path = MasterDetailObjCUITests;
			sourceTree = "<group>";
		};
/* End PBXGroup section */

/* Begin PBXNativeTarget section */
		623C1B1E1F0DD98200F3ADBA /* MasterDetailObjC */ = {
			isa = PBXNativeTarget;
			buildConfigurationList = 623C1B511F0DD98200F3ADBA /* Build configuration list for PBXNativeTarget "MasterDetailObjC" */;
			buildPhases = (
				623C1B1B1F0DD98200F3ADBA /* Sources */,
				623C1B1C1F0DD98200F3ADBA /* Frameworks */,
				623C1B1D1F0DD98200F3ADBA /* Resources */,
			);
			buildRules = (
			);
			dependencies = (
			);
			name = MasterDetailObjC;
			productName = MasterDetailObjC;
			productReference = 623C1B1F1F0DD98200F3ADBA /* MasterDetailObjC.app */;
			productType = "com.apple.product-type.application";
		};
		623C1B3C1F0DD98200F3ADBA /* MasterDetailObjCTests */ = {
			isa = PBXNativeTarget;
			buildConfigurationList = 623C1B541F0DD98200F3ADBA /* Build configuration list for PBXNativeTarget "MasterDetailObjCTests" */;
			buildPhases = (
				623C1B391F0DD98200F3ADBA /* Sources */,
				623C1B3A1F0DD98200F3ADBA /* Frameworks */,
				623C1B3B1F0DD98200F3ADBA /* Resources */,
			);
			buildRules = (
			);
			dependencies = (
				623C1B3F1F0DD98200F3ADBA /* PBXTargetDependency */,
			);
			name = MasterDetailObjCTests;
			productName = MasterDetailObjCTests;
			productReference = 623C1B3D1F0DD98200F3ADBA /* MasterDetailObjCTests.xctest */;
			productType = "com.apple.product-type.bundle.unit-test";
		};
		623C1B471F0DD98200F3ADBA /* MasterDetailObjCUITests */ = {
			isa = PBXNativeTarget;
			buildConfigurationList = 623C1B571F0DD98200F3ADBA /* Build configuration list for PBXNativeTarget "MasterDetailObjCUITests" */;
			buildPhases = (
				623C1B441F0DD98200F3ADBA /* Sources */,
				623C1B451F0DD98200F3ADBA /* Frameworks */,
				623C1B461F0DD98200F3ADBA /* Resources */,
			);
			buildRules = (
			);
			dependencies = (
				623C1B4A1F0DD98200F3ADBA /* PBXTargetDependency */,
			);
			name = MasterDetailObjCUITests;
			productName = MasterDetailObjCUITests;
			productReference = 623C1B481F0DD98200F3ADBA /* MasterDetailObjCUITests.xctest */;
			productType = "com.apple.product-type.bundle.ui-testing";
		};
/* End PBXNativeTarget section */

/* Begin PBXProject section */
		623C1B171F0DD98100F3ADBA /* Project object */ = {
			isa = PBXProject;
			attributes = {
				LastUpgradeCheck = 0900;
				ORGANIZATIONNAME = "Bone Jarring Games and Software";
				TargetAttributes = {
					623C1B1E1F0DD98200F3ADBA = {
						CreatedOnToolsVersion = 9.0;
					};
					623C1B3C1F0DD98200F3ADBA = {
						CreatedOnToolsVersion = 9.0;
						TestTargetID = 623C1B1E1F0DD98200F3ADBA;
					};
					623C1B471F0DD98200F3ADBA = {
						CreatedOnToolsVersion = 9.0;
						TestTargetID = 623C1B1E1F0DD98200F3ADBA;
					};
				};
			};
			buildConfigurationList = 623C1B1A1F0DD98100F3ADBA /* Build configuration list for PBXProject "MasterDetailObjC" */;
			compatibilityVersion = "Xcode 8.0";
			developmentRegion = en;
			hasScannedForEncodings = 0;
			knownRegions = (
				en,
				Base,
			);
			mainGroup = 623C1B161F0DD98100F3ADBA;
			productRefGroup = 623C1B201F0DD98200F3ADBA /* Products */;
			projectDirPath = "";
			projectRoot = "";
			targets = (
				623C1B1E1F0DD98200F3ADBA /* MasterDetailObjC */,
				623C1B3C1F0DD98200F3ADBA /* MasterDetailObjCTests */,
				623C1B471F0DD98200F3ADBA /* MasterDetailObjCUITests */,
			);
		};
/* End PBXProject section */

/* Begin PBXResourcesBuildPhase section */
		623C1B1D1F0DD98200F3ADBA /* Resources */ = {
			isa = PBXResourcesBuildPhase;
			buildActionMask = 2147483647;
			files = (
				623C1B351F0DD98200F3ADBA /* LaunchScreen.storyboard in Resources */,
				623C1B321F0DD98200F3ADBA /* Assets.xcassets in Resources */,
				623C1B301F0DD98200F3ADBA /* Main.storyboard in Resources */,
			);
			runOnlyForDeploymentPostprocessing = 0;
		};
		623C1B3B1F0DD98200F3ADBA /* Resources */ = {
			isa = PBXResourcesBuildPhase;
			buildActionMask = 2147483647;
			files = (
			);
			runOnlyForDeploymentPostprocessing = 0;
		};
		623C1B461F0DD98200F3ADBA /* Resources */ = {
			isa = PBXResourcesBuildPhase;
			buildActionMask = 2147483647;
			files = (
			);
			runOnlyForDeploymentPostprocessing = 0;
		};
/* End PBXResourcesBuildPhase section */

/* Begin PBXSourcesBuildPhase section */
		623C1B1B1F0DD98200F3ADBA /* Sources */ = {
			isa = PBXSourcesBuildPhase;
			buildActionMask = 2147483647;
			files = (
				623C1B381F0DD98200F3ADBA /* main.m in Sources */,
				623C1B271F0DD98200F3ADBA /* MasterDetailObjC.xcdatamodeld in Sources */,
				623C1B2A1F0DD98200F3ADBA /* MasterViewController.m in Sources */,
				623C1B241F0DD98200F3ADBA /* AppDelegate.m in Sources */,
				623C1B2D1F0DD98200F3ADBA /* DetailViewController.m in Sources */,
			);
			runOnlyForDeploymentPostprocessing = 0;
		};
		623C1B391F0DD98200F3ADBA /* Sources */ = {
			isa = PBXSourcesBuildPhase;
			buildActionMask = 2147483647;
			files = (
				623C1B421F0DD98200F3ADBA /* MasterDetailObjCTests.m in Sources */,
			);
			runOnlyForDeploymentPostprocessing = 0;
		};
		623C1B441F0DD98200F3ADBA /* Sources */ = {
			isa = PBXSourcesBuildPhase;
			buildActionMask = 2147483647;
			files = (
				623C1B4D1F0DD98200F3ADBA /* MasterDetailObjCUITests.m in Sources */,
			);
			runOnlyForDeploymentPostprocessing = 0;
		};
/* End PBXSourcesBuildPhase section */

/* Begin PBXTargetDependency section */
		623C1B3F1F0DD98200F3ADBA /* PBXTargetDependency */ = {
			isa = PBXTargetDependency;
			target = 623C1B1E1F0DD98200F3ADBA /* MasterDetailObjC */;
			targetProxy = 623C1B3E1F0DD98200F3ADBA /* PBXContainerItemProxy */;
		};
		623C1B4A1F0DD98200F3ADBA /* PBXTargetDependency */ = {
			isa = PBXTargetDependency;
			target = 623C1B1E1F0DD98200F3ADBA /* MasterDetailObjC */;
			targetProxy = 623C1B491F0DD98200F3ADBA /* PBXContainerItemProxy */;
		};
/* End PBXTargetDependency section */

/* Begin PBXVariantGroup section */
		623C1B2E1F0DD98200F3ADBA /* Main.storyboard */ = {
			isa = PBXVariantGroup;
			children = (
				623C1B2F1F0DD98200F3ADBA /* Base */,
			);
			name = Main.storyboard;
			sourceTree = "<group>";
		};
		623C1B331F0DD98200F3ADBA /* LaunchScreen.storyboard */ = {
			isa = PBXVariantGroup;
			children = (
				623C1B341F0DD98200F3ADBA /* Base */,
			);
			name = LaunchScreen.storyboard;
			sourceTree = "<group>";
		};
/* End PBXVariantGroup section */

/* Begin XCBuildConfiguration section */
		623C1B4F1F0DD98200F3ADBA /* Debug */ = {
			isa = XCBuildConfiguration;
			buildSettings = {
				ALWAYS_SEARCH_USER_PATHS = NO;
				CLANG_ANALYZER_NONNULL = YES;
				CLANG_ANALYZER_NUMBER_OBJECT_CONVERSION = YES_AGGRESSIVE;
				CLANG_CXX_LANGUAGE_STANDARD = "gnu++14";
				CLANG_CXX_LIBRARY = "libc++";
				CLANG_ENABLE_MODULES = YES;
				CLANG_ENABLE_OBJC_ARC = YES;
				CLANG_WARN_BLOCK_CAPTURE_AUTORELEASING = YES;
				CLANG_WARN_BOOL_CONVERSION = YES;
				CLANG_WARN_COMMA = YES;
				CLANG_WARN_CONSTANT_CONVERSION = YES;
				CLANG_WARN_DIRECT_OBJC_ISA_USAGE = YES_ERROR;
				CLANG_WARN_DOCUMENTATION_COMMENTS = YES;
				CLANG_WARN_EMPTY_BODY = YES;
				CLANG_WARN_ENUM_CONVERSION = YES;
				CLANG_WARN_INFINITE_RECURSION = YES;
				CLANG_WARN_INT_CONVERSION = YES;
				CLANG_WARN_OBJC_ROOT_CLASS = YES_ERROR;
				CLANG_WARN_RANGE_LOOP_ANALYSIS = YES;
				CLANG_WARN_STRICT_PROTOTYPES = YES;
				CLANG_WARN_SUSPICIOUS_MOVE = YES;
				CLANG_WARN_UNGUARDED_AVAILABILITY = YES_AGGRESSIVE;
				CLANG_WARN_UNREACHABLE_CODE = YES;
				CLANG_WARN__DUPLICATE_METHOD_MATCH = YES;
				CODE_SIGN_IDENTITY = "iPhone Developer";
				COPY_PHASE_STRIP = NO;
				DEBUG_INFORMATION_FORMAT = dwarf;
				ENABLE_STRICT_OBJC_MSGSEND = YES;
				ENABLE_TESTABILITY = YES;
				GCC_C_LANGUAGE_STANDARD = gnu11;
				GCC_DYNAMIC_NO_PIC = NO;
				GCC_NO_COMMON_BLOCKS = YES;
				GCC_OPTIMIZATION_LEVEL = 0;
				GCC_PREPROCESSOR_DEFINITIONS = (
					"DEBUG=1",
					"$(inherited)",
				);
				GCC_WARN_64_TO_32_BIT_CONVERSION = YES;
				GCC_WARN_ABOUT_RETURN_TYPE = YES_ERROR;
				GCC_WARN_UNDECLARED_SELECTOR = YES;
				GCC_WARN_UNINITIALIZED_AUTOS = YES_AGGRESSIVE;
				GCC_WARN_UNUSED_FUNCTION = YES;
				GCC_WARN_UNUSED_VARIABLE = YES;
				IPHONEOS_DEPLOYMENT_TARGET = 11.0;
				MTL_ENABLE_DEBUG_INFO = YES;
				ONLY_ACTIVE_ARCH = YES;
				SDKROOT = iphoneos;
			};
			name = Debug;
		};
		623C1B501F0DD98200F3ADBA /* Release */ = {
			isa = XCBuildConfiguration;
			buildSettings = {
				ALWAYS_SEARCH_USER_PATHS = NO;
				CLANG_ANALYZER_NONNULL = YES;
				CLANG_ANALYZER_NUMBER_OBJECT_CONVERSION = YES_AGGRESSIVE;
				CLANG_CXX_LANGUAGE_STANDARD = "gnu++14";
				CLANG_CXX_LIBRARY = "libc++";
				CLANG_ENABLE_MODULES = YES;
				CLANG_ENABLE_OBJC_ARC = YES;
				CLANG_WARN_BLOCK_CAPTURE_AUTORELEASING = YES;
				CLANG_WARN_BOOL_CONVERSION = YES;
				CLANG_WARN_COMMA = YES;
				CLANG_WARN_CONSTANT_CONVERSION = YES;
				CLANG_WARN_DIRECT_OBJC_ISA_USAGE = YES_ERROR;
				CLANG_WARN_DOCUMENTATION_COMMENTS = YES;
				CLANG_WARN_EMPTY_BODY = YES;
				CLANG_WARN_ENUM_CONVERSION = YES;
				CLANG_WARN_INFINITE_RECURSION = YES;
				CLANG_WARN_INT_CONVERSION = YES;
				CLANG_WARN_OBJC_ROOT_CLASS = YES_ERROR;
				CLANG_WARN_RANGE_LOOP_ANALYSIS = YES;
				CLANG_WARN_STRICT_PROTOTYPES = YES;
				CLANG_WARN_SUSPICIOUS_MOVE = YES;
				CLANG_WARN_UNGUARDED_AVAILABILITY = YES_AGGRESSIVE;
				CLANG_WARN_UNREACHABLE_CODE = YES;
				CLANG_WARN__DUPLICATE_METHOD_MATCH = YES;
				CODE_SIGN_IDENTITY = "iPhone Developer";
				COPY_PHASE_STRIP = NO;
				DEBUG_INFORMATION_FORMAT = "dwarf-with-dsym";
				ENABLE_NS_ASSERTIONS = NO;
				ENABLE_STRICT_OBJC_MSGSEND = YES;
				GCC_C_LANGUAGE_STANDARD = gnu11;
				GCC_NO_COMMON_BLOCKS = YES;
				GCC_WARN_64_TO_32_BIT_CONVERSION = YES;
				GCC_WARN_ABOUT_RETURN_TYPE = YES_ERROR;
				GCC_WARN_UNDECLARED_SELECTOR = YES;
				GCC_WARN_UNINITIALIZED_AUTOS = YES_AGGRESSIVE;
				GCC_WARN_UNUSED_FUNCTION = YES;
				GCC_WARN_UNUSED_VARIABLE = YES;
				IPHONEOS_DEPLOYMENT_TARGET = 11.0;
				MTL_ENABLE_DEBUG_INFO = NO;
				SDKROOT = iphoneos;
				VALIDATE_PRODUCT = YES;
			};
			name = Release;
		};
		623C1B521F0DD98200F3ADBA /* Debug */ = {
			isa = XCBuildConfiguration;
			buildSettings = {
				ASSETCATALOG_COMPILER_APPICON_NAME = AppIcon;
				DEVELOPMENT_TEAM = R5PQPZARC5;
				INFOPLIST_FILE = MasterDetailObjC/Info.plist;
				LD_RUNPATH_SEARCH_PATHS = "$(inherited) @executable_path/Frameworks";
				PRODUCT_BUNDLE_IDENTIFIER = com.bonejarring.MasterDetailObjC;
				PRODUCT_NAME = "$(TARGET_NAME)";
				TARGETED_DEVICE_FAMILY = "1,2";
			};
			name = Debug;
		};
		623C1B531F0DD98200F3ADBA /* Release */ = {
			isa = XCBuildConfiguration;
			buildSettings = {
				ASSETCATALOG_COMPILER_APPICON_NAME = AppIcon;
				DEVELOPMENT_TEAM = R5PQPZARC5;
				INFOPLIST_FILE = MasterDetailObjC/Info.plist;
				LD_RUNPATH_SEARCH_PATHS = "$(inherited) @executable_path/Frameworks";
				PRODUCT_BUNDLE_IDENTIFIER = com.bonejarring.MasterDetailObjC;
				PRODUCT_NAME = "$(TARGET_NAME)";
				TARGETED_DEVICE_FAMILY = "1,2";
			};
			name = Release;
		};
		623C1B551F0DD98200F3ADBA /* Debug */ = {
			isa = XCBuildConfiguration;
			buildSettings = {
				BUNDLE_LOADER = "$(TEST_HOST)";
				DEVELOPMENT_TEAM = R5PQPZARC5;
				INFOPLIST_FILE = MasterDetailObjCTests/Info.plist;
				LD_RUNPATH_SEARCH_PATHS = "$(inherited) @executable_path/Frameworks @loader_path/Frameworks";
				PRODUCT_BUNDLE_IDENTIFIER = com.bonejarring.MasterDetailObjCTests;
				PRODUCT_NAME = "$(TARGET_NAME)";
				TARGETED_DEVICE_FAMILY = "1,2";
				TEST_HOST = "$(BUILT_PRODUCTS_DIR)/MasterDetailObjC.app/MasterDetailObjC";
			};
			name = Debug;
		};
		623C1B561F0DD98200F3ADBA /* Release */ = {
			isa = XCBuildConfiguration;
			buildSettings = {
				BUNDLE_LOADER = "$(TEST_HOST)";
				DEVELOPMENT_TEAM = R5PQPZARC5;
				INFOPLIST_FILE = MasterDetailObjCTests/Info.plist;
				LD_RUNPATH_SEARCH_PATHS = "$(inherited) @executable_path/Frameworks @loader_path/Frameworks";
				PRODUCT_BUNDLE_IDENTIFIER = com.bonejarring.MasterDetailObjCTests;
				PRODUCT_NAME = "$(TARGET_NAME)";
				TARGETED_DEVICE_FAMILY = "1,2";
				TEST_HOST = "$(BUILT_PRODUCTS_DIR)/MasterDetailObjC.app/MasterDetailObjC";
			};
			name = Release;
		};
		623C1B581F0DD98200F3ADBA /* Debug */ = {
			isa = XCBuildConfiguration;
			buildSettings = {
				DEVELOPMENT_TEAM = R5PQPZARC5;
				INFOPLIST_FILE = MasterDetailObjCUITests/Info.plist;
				LD_RUNPATH_SEARCH_PATHS = "$(inherited) @executable_path/Frameworks @loader_path/Frameworks";
				PRODUCT_BUNDLE_IDENTIFIER = com.bonejarring.MasterDetailObjCUITests;
				PRODUCT_NAME = "$(TARGET_NAME)";
				TARGETED_DEVICE_FAMILY = "1,2";
				TEST_TARGET_NAME = MasterDetailObjC;
			};
			name = Debug;
		};
		623C1B591F0DD98200F3ADBA /* Release */ = {
			isa = XCBuildConfiguration;
			buildSettings = {
				DEVELOPMENT_TEAM = R5PQPZARC5;
				INFOPLIST_FILE = MasterDetailObjCUITests/Info.plist;
				LD_RUNPATH_SEARCH_PATHS = "$(inherited) @executable_path/Frameworks @loader_path/Frameworks";
				PRODUCT_BUNDLE_IDENTIFIER = com.bonejarring.MasterDetailObjCUITests;
				PRODUCT_NAME = "$(TARGET_NAME)";
				TARGETED_DEVICE_FAMILY = "1,2";
				TEST_TARGET_NAME = MasterDetailObjC;
			};
			name = Release;
		};
/* End XCBuildConfiguration section */

/* Begin XCConfigurationList section */
		623C1B1A1F0DD98100F3ADBA /* Build configuration list for PBXProject "MasterDetailObjC" */ = {
			isa = XCConfigurationList;
			buildConfigurations = (
				623C1B4F1F0DD98200F3ADBA /* Debug */,
				623C1B501F0DD98200F3ADBA /* Release */,
			);
			defaultConfigurationIsVisible = 0;
			defaultConfigurationName = Release;
		};
		623C1B511F0DD98200F3ADBA /* Build configuration list for PBXNativeTarget "MasterDetailObjC" */ = {
			isa = XCConfigurationList;
			buildConfigurations = (
				623C1B521F0DD98200F3ADBA /* Debug */,
				623C1B531F0DD98200F3ADBA /* Release */,
			);
			defaultConfigurationIsVisible = 0;
		};
		623C1B541F0DD98200F3ADBA /* Build configuration list for PBXNativeTarget "MasterDetailObjCTests" */ = {
			isa = XCConfigurationList;
			buildConfigurations = (
				623C1B551F0DD98200F3ADBA /* Debug */,
				623C1B561F0DD98200F3ADBA /* Release */,
			);
			defaultConfigurationIsVisible = 0;
		};
		623C1B571F0DD98200F3ADBA /* Build configuration list for PBXNativeTarget "MasterDetailObjCUITests" */ = {
			isa = XCConfigurationList;
			buildConfigurations = (
				623C1B581F0DD98200F3ADBA /* Debug */,
				623C1B591F0DD98200F3ADBA /* Release */,
			);
			defaultConfigurationIsVisible = 0;
		};
/* End XCConfigurationList section */

/* Begin XCVersionGroup section */
		623C1B251F0DD98200F3ADBA /* MasterDetailObjC.xcdatamodeld */ = {
			isa = XCVersionGroup;
			children = (
				623C1B261F0DD98200F3ADBA /* MasterDetailObjC.xcdatamodel */,
			);
			currentVersion = 623C1B261F0DD98200F3ADBA /* MasterDetailObjC.xcdatamodel */;
			path = MasterDetailObjC.xcdatamodeld;
			sourceTree = "<group>";
			versionGroupType = wrapper.xcdatamodel;
		};
/* End XCVersionGroup section */
	};
	rootObject = 623C1B171F0DD98100F3ADBA /* Project object */;
}
