// !$*UTF8*$!
{
	archiveVersion = 1;
	classes = {
	};
	objectVersion = 50;
	objects = {

/* Begin PBXBuildFile section */
		1DE418E124903DE30060AED0 /* AppDelegate.swift in Sources */ = {isa = PBXBuildFile; fileRef = 1DE418E024903DE30060AED0 /* AppDelegate.swift */; };
		1DE418E324903DE30060AED0 /* SceneDelegate.swift in Sources */ = {isa = PBXBuildFile; fileRef = 1DE418E224903DE30060AED0 /* SceneDelegate.swift */; };
		1DE418E524903DE30060AED0 /* MasterViewController.swift in Sources */ = {isa = PBXBuildFile; fileRef = 1DE418E424903DE30060AED0 /* MasterViewController.swift */; };
		1DE418E724903DE30060AED0 /* DetailViewController.swift in Sources */ = {isa = PBXBuildFile; fileRef = 1DE418E624903DE30060AED0 /* DetailViewController.swift */; };
		1DE418EA24903DE30060AED0 /* Main.storyboard in Resources */ = {isa = PBXBuildFile; fileRef = 1DE418E824903DE30060AED0 /* Main.storyboard */; };
		1DE418EC24903DE60060AED0 /* Assets.xcassets in Resources */ = {isa = PBXBuildFile; fileRef = 1DE418EB24903DE60060AED0 /* Assets.xcassets */; };
		1DE418EF24903DE60060AED0 /* LaunchScreen.storyboard in Resources */ = {isa = PBXBuildFile; fileRef = 1DE418ED24903DE60060AED0 /* LaunchScreen.storyboard */; };
		1DE418FA24903DE60060AED0 /* RocketReserverTests.swift in Sources */ = {isa = PBXBuildFile; fileRef = 1DE418F924903DE60060AED0 /* RocketReserverTests.swift */; };
		1DE4190524903DE60060AED0 /* RocketReserverUITests.swift in Sources */ = {isa = PBXBuildFile; fileRef = 1DE4190424903DE60060AED0 /* RocketReserverUITests.swift */; };
/* End PBXBuildFile section */

/* Begin PBXContainerItemProxy section */
		1DE418F624903DE60060AED0 /* PBXContainerItemProxy */ = {
			isa = PBXContainerItemProxy;
			containerPortal = 1DE418D524903DE20060AED0 /* Project object */;
			proxyType = 1;
			remoteGlobalIDString = 1DE418DC24903DE30060AED0;
			remoteInfo = RocketReserver;
		};
		1DE4190124903DE60060AED0 /* PBXContainerItemProxy */ = {
			isa = PBXContainerItemProxy;
			containerPortal = 1DE418D524903DE20060AED0 /* Project object */;
			proxyType = 1;
			remoteGlobalIDString = 1DE418DC24903DE30060AED0;
			remoteInfo = RocketReserver;
		};
/* End PBXContainerItemProxy section */

/* Begin PBXFileReference section */
		1DE418DD24903DE30060AED0 /* RocketReserver.app */ = {isa = PBXFileReference; explicitFileType = wrapper.application; includeInIndex = 0; path = RocketReserver.app; sourceTree = BUILT_PRODUCTS_DIR; };
		1DE418E024903DE30060AED0 /* AppDelegate.swift */ = {isa = PBXFileReference; lastKnownFileType = sourcecode.swift; path = AppDelegate.swift; sourceTree = "<group>"; };
		1DE418E224903DE30060AED0 /* SceneDelegate.swift */ = {isa = PBXFileReference; lastKnownFileType = sourcecode.swift; path = SceneDelegate.swift; sourceTree = "<group>"; };
		1DE418E424903DE30060AED0 /* MasterViewController.swift */ = {isa = PBXFileReference; lastKnownFileType = sourcecode.swift; path = MasterViewController.swift; sourceTree = "<group>"; };
		1DE418E624903DE30060AED0 /* DetailViewController.swift */ = {isa = PBXFileReference; lastKnownFileType = sourcecode.swift; path = DetailViewController.swift; sourceTree = "<group>"; };
		1DE418E924903DE30060AED0 /* Base */ = {isa = PBXFileReference; lastKnownFileType = file.storyboard; name = Base; path = Base.lproj/Main.storyboard; sourceTree = "<group>"; };
		1DE418EB24903DE60060AED0 /* Assets.xcassets */ = {isa = PBXFileReference; lastKnownFileType = folder.assetcatalog; path = Assets.xcassets; sourceTree = "<group>"; };
		1DE418EE24903DE60060AED0 /* Base */ = {isa = PBXFileReference; lastKnownFileType = file.storyboard; name = Base; path = Base.lproj/LaunchScreen.storyboard; sourceTree = "<group>"; };
		1DE418F024903DE60060AED0 /* Info.plist */ = {isa = PBXFileReference; lastKnownFileType = text.plist.xml; path = Info.plist; sourceTree = "<group>"; };
		1DE418F524903DE60060AED0 /* RocketReserverTests.xctest */ = {isa = PBXFileReference; explicitFileType = wrapper.cfbundle; includeInIndex = 0; path = RocketReserverTests.xctest; sourceTree = BUILT_PRODUCTS_DIR; };
		1DE418F924903DE60060AED0 /* RocketReserverTests.swift */ = {isa = PBXFileReference; lastKnownFileType = sourcecode.swift; path = RocketReserverTests.swift; sourceTree = "<group>"; };
		1DE418FB24903DE60060AED0 /* Info.plist */ = {isa = PBXFileReference; lastKnownFileType = text.plist.xml; path = Info.plist; sourceTree = "<group>"; };
		1DE4190024903DE60060AED0 /* RocketReserverUITests.xctest */ = {isa = PBXFileReference; explicitFileType = wrapper.cfbundle; includeInIndex = 0; path = RocketReserverUITests.xctest; sourceTree = BUILT_PRODUCTS_DIR; };
		1DE4190424903DE60060AED0 /* RocketReserverUITests.swift */ = {isa = PBXFileReference; lastKnownFileType = sourcecode.swift; path = RocketReserverUITests.swift; sourceTree = "<group>"; };
		1DE4190624903DE60060AED0 /* Info.plist */ = {isa = PBXFileReference; lastKnownFileType = text.plist.xml; path = Info.plist; sourceTree = "<group>"; };
/* End PBXFileReference section */

/* Begin PBXFrameworksBuildPhase section */
		1DE418DA24903DE30060AED0 /* Frameworks */ = {
			isa = PBXFrameworksBuildPhase;
			buildActionMask = 2147483647;
			files = (
			);
			runOnlyForDeploymentPostprocessing = 0;
		};
		1DE418F224903DE60060AED0 /* Frameworks */ = {
			isa = PBXFrameworksBuildPhase;
			buildActionMask = 2147483647;
			files = (
			);
			runOnlyForDeploymentPostprocessing = 0;
		};
		1DE418FD24903DE60060AED0 /* Frameworks */ = {
			isa = PBXFrameworksBuildPhase;
			buildActionMask = 2147483647;
			files = (
			);
			runOnlyForDeploymentPostprocessing = 0;
		};
/* End PBXFrameworksBuildPhase section */

/* Begin PBXGroup section */
		1DE418D424903DE20060AED0 = {
			isa = PBXGroup;
			children = (
				1DE418DF24903DE30060AED0 /* RocketReserver */,
				1DE418F824903DE60060AED0 /* RocketReserverTests */,
				1DE4190324903DE60060AED0 /* RocketReserverUITests */,
				1DE418DE24903DE30060AED0 /* Products */,
			);
			sourceTree = "<group>";
		};
		1DE418DE24903DE30060AED0 /* Products */ = {
			isa = PBXGroup;
			children = (
				1DE418DD24903DE30060AED0 /* RocketReserver.app */,
				1DE418F524903DE60060AED0 /* RocketReserverTests.xctest */,
				1DE4190024903DE60060AED0 /* RocketReserverUITests.xctest */,
			);
			name = Products;
			sourceTree = "<group>";
		};
		1DE418DF24903DE30060AED0 /* RocketReserver */ = {
			isa = PBXGroup;
			children = (
				1DE418E024903DE30060AED0 /* AppDelegate.swift */,
				1DE418E224903DE30060AED0 /* SceneDelegate.swift */,
				1DE418E424903DE30060AED0 /* MasterViewController.swift */,
				1DE418E624903DE30060AED0 /* DetailViewController.swift */,
				1DE418E824903DE30060AED0 /* Main.storyboard */,
				1DE418EB24903DE60060AED0 /* Assets.xcassets */,
				1DE418ED24903DE60060AED0 /* LaunchScreen.storyboard */,
				1DE418F024903DE60060AED0 /* Info.plist */,
			);
			path = RocketReserver;
			sourceTree = "<group>";
		};
		1DE418F824903DE60060AED0 /* RocketReserverTests */ = {
			isa = PBXGroup;
			children = (
				1DE418F924903DE60060AED0 /* RocketReserverTests.swift */,
				1DE418FB24903DE60060AED0 /* Info.plist */,
			);
			path = RocketReserverTests;
			sourceTree = "<group>";
		};
		1DE4190324903DE60060AED0 /* RocketReserverUITests */ = {
			isa = PBXGroup;
			children = (
				1DE4190424903DE60060AED0 /* RocketReserverUITests.swift */,
				1DE4190624903DE60060AED0 /* Info.plist */,
			);
			path = RocketReserverUITests;
			sourceTree = "<group>";
		};
/* End PBXGroup section */

/* Begin PBXNativeTarget section */
		1DE418DC24903DE30060AED0 /* RocketReserver */ = {
			isa = PBXNativeTarget;
			buildConfigurationList = 1DE4190924903DE60060AED0 /* Build configuration list for PBXNativeTarget "RocketReserver" */;
			buildPhases = (
				1DE418D924903DE30060AED0 /* Sources */,
				1DE418DA24903DE30060AED0 /* Frameworks */,
				1DE418DB24903DE30060AED0 /* Resources */,
			);
			buildRules = (
			);
			dependencies = (
			);
			name = RocketReserver;
			productName = RocketReserver;
			productReference = 1DE418DD24903DE30060AED0 /* RocketReserver.app */;
			productType = "com.apple.product-type.application";
		};
		1DE418F424903DE60060AED0 /* RocketReserverTests */ = {
			isa = PBXNativeTarget;
			buildConfigurationList = 1DE4190C24903DE60060AED0 /* Build configuration list for PBXNativeTarget "RocketReserverTests" */;
			buildPhases = (
				1DE418F124903DE60060AED0 /* Sources */,
				1DE418F224903DE60060AED0 /* Frameworks */,
				1DE418F324903DE60060AED0 /* Resources */,
			);
			buildRules = (
			);
			dependencies = (
				1DE418F724903DE60060AED0 /* PBXTargetDependency */,
			);
			name = RocketReserverTests;
			productName = RocketReserverTests;
			productReference = 1DE418F524903DE60060AED0 /* RocketReserverTests.xctest */;
			productType = "com.apple.product-type.bundle.unit-test";
		};
		1DE418FF24903DE60060AED0 /* RocketReserverUITests */ = {
			isa = PBXNativeTarget;
			buildConfigurationList = 1DE4190F24903DE60060AED0 /* Build configuration list for PBXNativeTarget "RocketReserverUITests" */;
			buildPhases = (
				1DE418FC24903DE60060AED0 /* Sources */,
				1DE418FD24903DE60060AED0 /* Frameworks */,
				1DE418FE24903DE60060AED0 /* Resources */,
			);
			buildRules = (
			);
			dependencies = (
				1DE4190224903DE60060AED0 /* PBXTargetDependency */,
			);
			name = RocketReserverUITests;
			productName = RocketReserverUITests;
			productReference = 1DE4190024903DE60060AED0 /* RocketReserverUITests.xctest */;
			productType = "com.apple.product-type.bundle.ui-testing";
		};
/* End PBXNativeTarget section */

/* Begin PBXProject section */
		1DE418D524903DE20060AED0 /* Project object */ = {
			isa = PBXProject;
			attributes = {
				LastSwiftUpdateCheck = 1150;
				LastUpgradeCheck = 1150;
				ORGANIZATIONNAME = "Syd Polk";
				TargetAttributes = {
					1DE418DC24903DE30060AED0 = {
						CreatedOnToolsVersion = 11.5;
					};
					1DE418F424903DE60060AED0 = {
						CreatedOnToolsVersion = 11.5;
						TestTargetID = 1DE418DC24903DE30060AED0;
					};
					1DE418FF24903DE60060AED0 = {
						CreatedOnToolsVersion = 11.5;
						TestTargetID = 1DE418DC24903DE30060AED0;
					};
				};
			};
			buildConfigurationList = 1DE418D824903DE20060AED0 /* Build configuration list for PBXProject "RocketReserver" */;
			compatibilityVersion = "Xcode 9.3";
			developmentRegion = en;
			hasScannedForEncodings = 0;
			knownRegions = (
				en,
				Base,
			);
			mainGroup = 1DE418D424903DE20060AED0;
			productRefGroup = 1DE418DE24903DE30060AED0 /* Products */;
			projectDirPath = "";
			projectRoot = "";
			targets = (
				1DE418DC24903DE30060AED0 /* RocketReserver */,
				1DE418F424903DE60060AED0 /* RocketReserverTests */,
				1DE418FF24903DE60060AED0 /* RocketReserverUITests */,
			);
		};
/* End PBXProject section */

/* Begin PBXResourcesBuildPhase section */
		1DE418DB24903DE30060AED0 /* Resources */ = {
			isa = PBXResourcesBuildPhase;
			buildActionMask = 2147483647;
			files = (
				1DE418EF24903DE60060AED0 /* LaunchScreen.storyboard in Resources */,
				1DE418EC24903DE60060AED0 /* Assets.xcassets in Resources */,
				1DE418EA24903DE30060AED0 /* Main.storyboard in Resources */,
			);
			runOnlyForDeploymentPostprocessing = 0;
		};
		1DE418F324903DE60060AED0 /* Resources */ = {
			isa = PBXResourcesBuildPhase;
			buildActionMask = 2147483647;
			files = (
			);
			runOnlyForDeploymentPostprocessing = 0;
		};
		1DE418FE24903DE60060AED0 /* Resources */ = {
			isa = PBXResourcesBuildPhase;
			buildActionMask = 2147483647;
			files = (
			);
			runOnlyForDeploymentPostprocessing = 0;
		};
/* End PBXResourcesBuildPhase section */

/* Begin PBXSourcesBuildPhase section */
		1DE418D924903DE30060AED0 /* Sources */ = {
			isa = PBXSourcesBuildPhase;
			buildActionMask = 2147483647;
			files = (
				1DE418E124903DE30060AED0 /* AppDelegate.swift in Sources */,
				1DE418E324903DE30060AED0 /* SceneDelegate.swift in Sources */,
				1DE418E524903DE30060AED0 /* MasterViewController.swift in Sources */,
				1DE418E724903DE30060AED0 /* DetailViewController.swift in Sources */,
			);
			runOnlyForDeploymentPostprocessing = 0;
		};
		1DE418F124903DE60060AED0 /* Sources */ = {
			isa = PBXSourcesBuildPhase;
			buildActionMask = 2147483647;
			files = (
				1DE418FA24903DE60060AED0 /* RocketReserverTests.swift in Sources */,
			);
			runOnlyForDeploymentPostprocessing = 0;
		};
		1DE418FC24903DE60060AED0 /* Sources */ = {
			isa = PBXSourcesBuildPhase;
			buildActionMask = 2147483647;
			files = (
				1DE4190524903DE60060AED0 /* RocketReserverUITests.swift in Sources */,
			);
			runOnlyForDeploymentPostprocessing = 0;
		};
/* End PBXSourcesBuildPhase section */

/* Begin PBXTargetDependency section */
		1DE418F724903DE60060AED0 /* PBXTargetDependency */ = {
			isa = PBXTargetDependency;
			target = 1DE418DC24903DE30060AED0 /* RocketReserver */;
			targetProxy = 1DE418F624903DE60060AED0 /* PBXContainerItemProxy */;
		};
		1DE4190224903DE60060AED0 /* PBXTargetDependency */ = {
			isa = PBXTargetDependency;
			target = 1DE418DC24903DE30060AED0 /* RocketReserver */;
			targetProxy = 1DE4190124903DE60060AED0 /* PBXContainerItemProxy */;
		};
/* End PBXTargetDependency section */

/* Begin PBXVariantGroup section */
		1DE418E824903DE30060AED0 /* Main.storyboard */ = {
			isa = PBXVariantGroup;
			children = (
				1DE418E924903DE30060AED0 /* Base */,
			);
			name = Main.storyboard;
			sourceTree = "<group>";
		};
		1DE418ED24903DE60060AED0 /* LaunchScreen.storyboard */ = {
			isa = PBXVariantGroup;
			children = (
				1DE418EE24903DE60060AED0 /* Base */,
			);
			name = LaunchScreen.storyboard;
			sourceTree = "<group>";
		};
/* End PBXVariantGroup section */

/* Begin XCBuildConfiguration section */
		1DE4190724903DE60060AED0 /* Debug */ = {
			isa = XCBuildConfiguration;
			buildSettings = {
				ALWAYS_SEARCH_USER_PATHS = NO;
				CLANG_ANALYZER_NONNULL = YES;
				CLANG_ANALYZER_NUMBER_OBJECT_CONVERSION = YES_AGGRESSIVE;
				CLANG_CXX_LANGUAGE_STANDARD = "gnu++14";
				CLANG_CXX_LIBRARY = "libc++";
				CLANG_ENABLE_MODULES = YES;
				CLANG_ENABLE_OBJC_ARC = YES;
				CLANG_ENABLE_OBJC_WEAK = YES;
				CLANG_WARN_BLOCK_CAPTURE_AUTORELEASING = YES;
				CLANG_WARN_BOOL_CONVERSION = YES;
				CLANG_WARN_COMMA = YES;
				CLANG_WARN_CONSTANT_CONVERSION = YES;
				CLANG_WARN_DEPRECATED_OBJC_IMPLEMENTATIONS = YES;
				CLANG_WARN_DIRECT_OBJC_ISA_USAGE = YES_ERROR;
				CLANG_WARN_DOCUMENTATION_COMMENTS = YES;
				CLANG_WARN_EMPTY_BODY = YES;
				CLANG_WARN_ENUM_CONVERSION = YES;
				CLANG_WARN_INFINITE_RECURSION = YES;
				CLANG_WARN_INT_CONVERSION = YES;
				CLANG_WARN_NON_LITERAL_NULL_CONVERSION = YES;
				CLANG_WARN_OBJC_IMPLICIT_RETAIN_SELF = YES;
				CLANG_WARN_OBJC_LITERAL_CONVERSION = YES;
				CLANG_WARN_OBJC_ROOT_CLASS = YES_ERROR;
				CLANG_WARN_RANGE_LOOP_ANALYSIS = YES;
				CLANG_WARN_STRICT_PROTOTYPES = YES;
				CLANG_WARN_SUSPICIOUS_MOVE = YES;
				CLANG_WARN_UNGUARDED_AVAILABILITY = YES_AGGRESSIVE;
				CLANG_WARN_UNREACHABLE_CODE = YES;
				CLANG_WARN__DUPLICATE_METHOD_MATCH = YES;
				COPY_PHASE_STRIP = NO;
				DEBUG_INFORMATION_FORMAT = dwarf;
				ENABLE_STRICT_OBJC_MSGSEND = YES;
				ENABLE_TESTABILITY = YES;
				GCC_C_LANGUAGE_STANDARD = gnu11;
				GCC_DYNAMIC_NO_PIC = NO;
				GCC_NO_COMMON_BLOCKS = YES;
				GCC_OPTIMIZATION_LEVEL = 0;
				GCC_PREPROCESSOR_DEFINITIONS = (
					"DEBUG=1",
					"$(inherited)",
				);
				GCC_WARN_64_TO_32_BIT_CONVERSION = YES;
				GCC_WARN_ABOUT_RETURN_TYPE = YES_ERROR;
				GCC_WARN_UNDECLARED_SELECTOR = YES;
				GCC_WARN_UNINITIALIZED_AUTOS = YES_AGGRESSIVE;
				GCC_WARN_UNUSED_FUNCTION = YES;
				GCC_WARN_UNUSED_VARIABLE = YES;
				IPHONEOS_DEPLOYMENT_TARGET = 13.5;
				MTL_ENABLE_DEBUG_INFO = INCLUDE_SOURCE;
				MTL_FAST_MATH = YES;
				ONLY_ACTIVE_ARCH = YES;
				SDKROOT = iphoneos;
				SWIFT_ACTIVE_COMPILATION_CONDITIONS = DEBUG;
				SWIFT_OPTIMIZATION_LEVEL = "-Onone";
			};
			name = Debug;
		};
		1DE4190824903DE60060AED0 /* Release */ = {
			isa = XCBuildConfiguration;
			buildSettings = {
				ALWAYS_SEARCH_USER_PATHS = NO;
				CLANG_ANALYZER_NONNULL = YES;
				CLANG_ANALYZER_NUMBER_OBJECT_CONVERSION = YES_AGGRESSIVE;
				CLANG_CXX_LANGUAGE_STANDARD = "gnu++14";
				CLANG_CXX_LIBRARY = "libc++";
				CLANG_ENABLE_MODULES = YES;
				CLANG_ENABLE_OBJC_ARC = YES;
				CLANG_ENABLE_OBJC_WEAK = YES;
				CLANG_WARN_BLOCK_CAPTURE_AUTORELEASING = YES;
				CLANG_WARN_BOOL_CONVERSION = YES;
				CLANG_WARN_COMMA = YES;
				CLANG_WARN_CONSTANT_CONVERSION = YES;
				CLANG_WARN_DEPRECATED_OBJC_IMPLEMENTATIONS = YES;
				CLANG_WARN_DIRECT_OBJC_ISA_USAGE = YES_ERROR;
				CLANG_WARN_DOCUMENTATION_COMMENTS = YES;
				CLANG_WARN_EMPTY_BODY = YES;
				CLANG_WARN_ENUM_CONVERSION = YES;
				CLANG_WARN_INFINITE_RECURSION = YES;
				CLANG_WARN_INT_CONVERSION = YES;
				CLANG_WARN_NON_LITERAL_NULL_CONVERSION = YES;
				CLANG_WARN_OBJC_IMPLICIT_RETAIN_SELF = YES;
				CLANG_WARN_OBJC_LITERAL_CONVERSION = YES;
				CLANG_WARN_OBJC_ROOT_CLASS = YES_ERROR;
				CLANG_WARN_RANGE_LOOP_ANALYSIS = YES;
				CLANG_WARN_STRICT_PROTOTYPES = YES;
				CLANG_WARN_SUSPICIOUS_MOVE = YES;
				CLANG_WARN_UNGUARDED_AVAILABILITY = YES_AGGRESSIVE;
				CLANG_WARN_UNREACHABLE_CODE = YES;
				CLANG_WARN__DUPLICATE_METHOD_MATCH = YES;
				COPY_PHASE_STRIP = NO;
				DEBUG_INFORMATION_FORMAT = "dwarf-with-dsym";
				ENABLE_NS_ASSERTIONS = NO;
				ENABLE_STRICT_OBJC_MSGSEND = YES;
				GCC_C_LANGUAGE_STANDARD = gnu11;
				GCC_NO_COMMON_BLOCKS = YES;
				GCC_WARN_64_TO_32_BIT_CONVERSION = YES;
				GCC_WARN_ABOUT_RETURN_TYPE = YES_ERROR;
				GCC_WARN_UNDECLARED_SELECTOR = YES;
				GCC_WARN_UNINITIALIZED_AUTOS = YES_AGGRESSIVE;
				GCC_WARN_UNUSED_FUNCTION = YES;
				GCC_WARN_UNUSED_VARIABLE = YES;
				IPHONEOS_DEPLOYMENT_TARGET = 13.5;
				MTL_ENABLE_DEBUG_INFO = NO;
				MTL_FAST_MATH = YES;
				SDKROOT = iphoneos;
				SWIFT_COMPILATION_MODE = wholemodule;
				SWIFT_OPTIMIZATION_LEVEL = "-O";
				VALIDATE_PRODUCT = YES;
			};
			name = Release;
		};
		1DE4190A24903DE60060AED0 /* Debug */ = {
			isa = XCBuildConfiguration;
			buildSettings = {
				ASSETCATALOG_COMPILER_APPICON_NAME = AppIcon;
				CODE_SIGN_STYLE = Automatic;
				DEVELOPMENT_TEAM = 2F75ZYYZV5;
				INFOPLIST_FILE = RocketReserver/Info.plist;
				LD_RUNPATH_SEARCH_PATHS = (
					"$(inherited)",
					"@executable_path/Frameworks",
				);
				PRODUCT_BUNDLE_IDENTIFIER = com.indeed.RocketReserver;
				PRODUCT_NAME = "$(TARGET_NAME)";
				SWIFT_VERSION = 5.0;
				TARGETED_DEVICE_FAMILY = "1,2";
			};
			name = Debug;
		};
		1DE4190B24903DE60060AED0 /* Release */ = {
			isa = XCBuildConfiguration;
			buildSettings = {
				ASSETCATALOG_COMPILER_APPICON_NAME = AppIcon;
				CODE_SIGN_STYLE = Automatic;
				DEVELOPMENT_TEAM = 2F75ZYYZV5;
				INFOPLIST_FILE = RocketReserver/Info.plist;
				LD_RUNPATH_SEARCH_PATHS = (
					"$(inherited)",
					"@executable_path/Frameworks",
				);
				PRODUCT_BUNDLE_IDENTIFIER = com.indeed.RocketReserver;
				PRODUCT_NAME = "$(TARGET_NAME)";
				SWIFT_VERSION = 5.0;
				TARGETED_DEVICE_FAMILY = "1,2";
			};
			name = Release;
		};
		1DE4190D24903DE60060AED0 /* Debug */ = {
			isa = XCBuildConfiguration;
			buildSettings = {
				ALWAYS_EMBED_SWIFT_STANDARD_LIBRARIES = YES;
				BUNDLE_LOADER = "$(TEST_HOST)";
				CODE_SIGN_STYLE = Automatic;
				DEVELOPMENT_TEAM = 2F75ZYYZV5;
				INFOPLIST_FILE = RocketReserverTests/Info.plist;
				IPHONEOS_DEPLOYMENT_TARGET = 13.5;
				LD_RUNPATH_SEARCH_PATHS = (
					"$(inherited)",
					"@executable_path/Frameworks",
					"@loader_path/Frameworks",
				);
				PRODUCT_BUNDLE_IDENTIFIER = com.bonejarring.RocketReserverTests;
				PRODUCT_NAME = "$(TARGET_NAME)";
				SWIFT_VERSION = 5.0;
				TARGETED_DEVICE_FAMILY = "1,2";
				TEST_HOST = "$(BUILT_PRODUCTS_DIR)/RocketReserver.app/RocketReserver";
			};
			name = Debug;
		};
		1DE4190E24903DE60060AED0 /* Release */ = {
			isa = XCBuildConfiguration;
			buildSettings = {
				ALWAYS_EMBED_SWIFT_STANDARD_LIBRARIES = YES;
				BUNDLE_LOADER = "$(TEST_HOST)";
				CODE_SIGN_STYLE = Automatic;
				DEVELOPMENT_TEAM = 2F75ZYYZV5;
				INFOPLIST_FILE = RocketReserverTests/Info.plist;
				IPHONEOS_DEPLOYMENT_TARGET = 13.5;
				LD_RUNPATH_SEARCH_PATHS = (
					"$(inherited)",
					"@executable_path/Frameworks",
					"@loader_path/Frameworks",
				);
				PRODUCT_BUNDLE_IDENTIFIER = com.bonejarring.RocketReserverTests;
				PRODUCT_NAME = "$(TARGET_NAME)";
				SWIFT_VERSION = 5.0;
				TARGETED_DEVICE_FAMILY = "1,2";
				TEST_HOST = "$(BUILT_PRODUCTS_DIR)/RocketReserver.app/RocketReserver";
			};
			name = Release;
		};
		1DE4191024903DE60060AED0 /* Debug */ = {
			isa = XCBuildConfiguration;
			buildSettings = {
				ALWAYS_EMBED_SWIFT_STANDARD_LIBRARIES = YES;
				CODE_SIGN_STYLE = Automatic;
				DEVELOPMENT_TEAM = 2F75ZYYZV5;
				INFOPLIST_FILE = RocketReserverUITests/Info.plist;
				LD_RUNPATH_SEARCH_PATHS = (
					"$(inherited)",
					"@executable_path/Frameworks",
					"@loader_path/Frameworks",
				);
				PRODUCT_BUNDLE_IDENTIFIER = com.bonejarring.RocketReserverUITests;
				PRODUCT_NAME = "$(TARGET_NAME)";
				SWIFT_VERSION = 5.0;
				TARGETED_DEVICE_FAMILY = "1,2";
				TEST_TARGET_NAME = RocketReserver;
			};
			name = Debug;
		};
		1DE4191124903DE60060AED0 /* Release */ = {
			isa = XCBuildConfiguration;
			buildSettings = {
				ALWAYS_EMBED_SWIFT_STANDARD_LIBRARIES = YES;
				CODE_SIGN_STYLE = Automatic;
				DEVELOPMENT_TEAM = 2F75ZYYZV5;
				INFOPLIST_FILE = RocketReserverUITests/Info.plist;
				LD_RUNPATH_SEARCH_PATHS = (
					"$(inherited)",
					"@executable_path/Frameworks",
					"@loader_path/Frameworks",
				);
				PRODUCT_BUNDLE_IDENTIFIER = com.bonejarring.RocketReserverUITests;
				PRODUCT_NAME = "$(TARGET_NAME)";
				SWIFT_VERSION = 5.0;
				TARGETED_DEVICE_FAMILY = "1,2";
				TEST_TARGET_NAME = RocketReserver;
			};
			name = Release;
		};
/* End XCBuildConfiguration section */

/* Begin XCConfigurationList section */
		1DE418D824903DE20060AED0 /* Build configuration list for PBXProject "RocketReserver" */ = {
			isa = XCConfigurationList;
			buildConfigurations = (
				1DE4190724903DE60060AED0 /* Debug */,
				1DE4190824903DE60060AED0 /* Release */,
			);
			defaultConfigurationIsVisible = 0;
			defaultConfigurationName = Release;
		};
		1DE4190924903DE60060AED0 /* Build configuration list for PBXNativeTarget "RocketReserver" */ = {
			isa = XCConfigurationList;
			buildConfigurations = (
				1DE4190A24903DE60060AED0 /* Debug */,
				1DE4190B24903DE60060AED0 /* Release */,
			);
			defaultConfigurationIsVisible = 0;
			defaultConfigurationName = Release;
		};
		1DE4190C24903DE60060AED0 /* Build configuration list for PBXNativeTarget "RocketReserverTests" */ = {
			isa = XCConfigurationList;
			buildConfigurations = (
				1DE4190D24903DE60060AED0 /* Debug */,
				1DE4190E24903DE60060AED0 /* Release */,
			);
			defaultConfigurationIsVisible = 0;
			defaultConfigurationName = Release;
		};
		1DE4190F24903DE60060AED0 /* Build configuration list for PBXNativeTarget "RocketReserverUITests" */ = {
			isa = XCConfigurationList;
			buildConfigurations = (
				1DE4191024903DE60060AED0 /* Debug */,
				1DE4191124903DE60060AED0 /* Release */,
			);
			defaultConfigurationIsVisible = 0;
			defaultConfigurationName = Release;
		};
/* End XCConfigurationList section */
	};
	rootObject = 1DE418D524903DE20060AED0 /* Project object */;
}
